
Microsoft Visual Studio Solution File, Format Version 12.00
# Visual Studio Version 17
VisualStudioVersion = 17.1.32328.378
MinimumVisualStudioVersion = 10.0.40219.1
Project("{FAE04EC0-301F-11D3-BF4B-00C04F79EFBC}") = "AndroidShell", "AndroidShell\AndroidShell.csproj", "{D79AFC8E-316F-468B-BEB4-4248002A40AC}"
EndProject
Project("{FAE04EC0-301F-11D3-BF4B-00C04F79EFBC}") = "App1", "App1\App1.csproj", "{2DA5FE47-4E71-4850-AC3D-85E10C0D825B}"
EndProject
Global
	GlobalSection(SolutionConfigurationPlatforms) = preSolution
		Debug|Any CPU = Debug|Any CPU
		Release|Any CPU = Release|Any CPU
	EndGlobalSection
	GlobalSection(ProjectConfigurationPlatforms) = postSolution
		{D79AFC8E-316F-468B-BEB4-4248002A40AC}.Debug|Any CPU.ActiveCfg = Release|Any CPU
		{D79AFC8E-316F-468B-BEB4-4248002A40AC}.Debug|Any CPU.Build.0 = Release|Any CPU
		{D79AFC8E-316F-468B-BEB4-4248002A40AC}.Debug|Any CPU.Deploy.0 = Release|Any CPU
		{D79AFC8E-316F-468B-BEB4-4248002A40AC}.Release|Any CPU.ActiveCfg = Release|Any CPU
		{D79AFC8E-316F-468B-BEB4-4248002A40AC}.Release|Any CPU.Build.0 = Release|Any CPU
		{D79AFC8E-316F-468B-BEB4-4248002A40AC}.Release|Any CPU.Deploy.0 = Release|Any CPU
		{2DA5FE47-4E71-4850-AC3D-85E10C0D825B}.Debug|Any CPU.ActiveCfg = Release|Any CPU
		{2DA5FE47-4E71-4850-AC3D-85E10C0D825B}.Debug|Any CPU.Build.0 = Release|Any CPU
		{2DA5FE47-4E71-4850-AC3D-85E10C0D825B}.Debug|Any CPU.Deploy.0 = Release|Any CPU
		{2DA5FE47-4E71-4850-AC3D-85E10C0D825B}.Release|Any CPU.ActiveCfg = Release|Any CPU
		{2DA5FE47-4E71-4850-AC3D-85E10C0D825B}.Release|Any CPU.Build.0 = Release|Any CPU
		{2DA5FE47-4E71-4850-AC3D-85E10C0D825B}.Release|Any CPU.Deploy.0 = Release|Any CPU
	EndGlobalSection
	GlobalSection(SolutionProperties) = preSolution
		HideSolutionNode = FALSE
	EndGlobalSection
	GlobalSection(ExtensibilityGlobals) = postSolution
		SolutionGuid = {30C3D9E9-2584-4BB9-977F-B56F1055BA19}
	EndGlobalSection
EndGlobal
